
Microsoft Visual Studio Solution File, Format Version 12.00
# Visual Studio Version 17
VisualStudioVersion = 17.11.35312.102
MinimumVisualStudioVersion = 10.0.40219.1
Project("{FAE04EC0-301F-11D3-BF4B-00C04F79EFBC}") = "ToDoMauiApp", "ToDoMauiApp\ToDoMauiApp.csproj", "{5796B534-25EF-461F-BAF3-3147D4FF5167}"
EndProject
Project("{FAE04EC0-301F-11D3-BF4B-00C04F79EFBC}") = "ToDoDatabaseLibrary", "ToDoDatabaseLibrary\ToDoDatabaseLibrary.csproj", "{BE01E6E7-5CDF-4652-AFCE-9C8FDF357486}"
EndProject
Global
	GlobalSection(SolutionConfigurationPlatforms) = preSolution
		Debug|Any CPU = Debug|Any CPU
		Release|Any CPU = Release|Any CPU
	EndGlobalSection
	GlobalSection(ProjectConfigurationPlatforms) = postSolution
		{5796B534-25EF-461F-BAF3-3147D4FF5167}.Debug|Any CPU.ActiveCfg = Debug|Any CPU
		{5796B534-25EF-461F-BAF3-3147D4FF5167}.Debug|Any CPU.Build.0 = Debug|Any CPU
		{5796B534-25EF-461F-BAF3-3147D4FF5167}.Debug|Any CPU.Deploy.0 = Debug|Any CPU
		{5796B534-25EF-461F-BAF3-3147D4FF5167}.Release|Any CPU.ActiveCfg = Release|Any CPU
		{5796B534-25EF-461F-BAF3-3147D4FF5167}.Release|Any CPU.Build.0 = Release|Any CPU
		{5796B534-25EF-461F-BAF3-3147D4FF5167}.Release|Any CPU.Deploy.0 = Release|Any CPU
		{BE01E6E7-5CDF-4652-AFCE-9C8FDF357486}.Debug|Any CPU.ActiveCfg = Debug|Any CPU
		{BE01E6E7-5CDF-4652-AFCE-9C8FDF357486}.Debug|Any CPU.Build.0 = Debug|Any CPU
		{BE01E6E7-5CDF-4652-AFCE-9C8FDF357486}.Release|Any CPU.ActiveCfg = Release|Any CPU
		{BE01E6E7-5CDF-4652-AFCE-9C8FDF357486}.Release|Any CPU.Build.0 = Release|Any CPU
	EndGlobalSection
	GlobalSection(SolutionProperties) = preSolution
		HideSolutionNode = FALSE
	EndGlobalSection
	GlobalSection(ExtensibilityGlobals) = postSolution
		SolutionGuid = {3F0B5824-685E-4717-917C-56F8DC9F3727}
	EndGlobalSection
EndGlobal
